
Microsoft Visual Studio Solution File, Format Version 12.00
# Visual Studio 14
VisualStudioVersion = 14.0.24720.0
MinimumVisualStudioVersion = 10.0.40219.1
Project("{FAE04EC0-301F-11D3-BF4B-00C04F79EFBC}") = "ConDep.WebQ.Client", "ConDep.WebQ.Client\ConDep.WebQ.Client.csproj", "{F552A5A9-3250-498D-98AE-2B5D6C63C9B8}"
EndProject
Project("{FAE04EC0-301F-11D3-BF4B-00C04F79EFBC}") = "ConDep.WebQ.Data", "ConDep.WebQ.Data\ConDep.WebQ.Data.csproj", "{F94D1BBC-C4FB-4207-BFBE-B93BA96F55B3}"
EndProject
Project("{FAE04EC0-301F-11D3-BF4B-00C04F79EFBC}") = "ConDep.WebQ.Server", "ConDep.WebQ.Server\ConDep.WebQ.Server.csproj", "{08F501B6-CE79-43F7-A3D0-F13E44D16E70}"
EndProject
Project("{FAE04EC0-301F-11D3-BF4B-00C04F79EFBC}") = "ConDep.WebQ.Tests", "ConDep.WebQ.Tests\ConDep.WebQ.Tests.csproj", "{D909E8F7-9E46-4603-B5EB-69FE1C7C7915}"
EndProject
Project("{2150E333-8FDC-42A3-9474-1A3956D46DE8}") = "build", "build", "{9B1E48B5-33C2-4E41-BA54-FDC1D706E61A}"
	ProjectSection(SolutionItems) = preProject
		..\build\default.ps1 = ..\build\default.ps1
		..\build\install.ps1 = ..\build\install.ps1
	EndProjectSection
EndProject
Global
	GlobalSection(SolutionConfigurationPlatforms) = preSolution
		Debug|Any CPU = Debug|Any CPU
		Debug|x64 = Debug|x64
		Release|Any CPU = Release|Any CPU
		Release|x64 = Release|x64
	EndGlobalSection
	GlobalSection(ProjectConfigurationPlatforms) = postSolution
		{F552A5A9-3250-498D-98AE-2B5D6C63C9B8}.Debug|Any CPU.ActiveCfg = Debug|Any CPU
		{F552A5A9-3250-498D-98AE-2B5D6C63C9B8}.Debug|Any CPU.Build.0 = Debug|Any CPU
		{F552A5A9-3250-498D-98AE-2B5D6C63C9B8}.Debug|x64.ActiveCfg = Debug|x64
		{F552A5A9-3250-498D-98AE-2B5D6C63C9B8}.Debug|x64.Build.0 = Debug|x64
		{F552A5A9-3250-498D-98AE-2B5D6C63C9B8}.Release|Any CPU.ActiveCfg = Release|Any CPU
		{F552A5A9-3250-498D-98AE-2B5D6C63C9B8}.Release|Any CPU.Build.0 = Release|Any CPU
		{F552A5A9-3250-498D-98AE-2B5D6C63C9B8}.Release|x64.ActiveCfg = Release|x64
		{F552A5A9-3250-498D-98AE-2B5D6C63C9B8}.Release|x64.Build.0 = Release|x64
		{F94D1BBC-C4FB-4207-BFBE-B93BA96F55B3}.Debug|Any CPU.ActiveCfg = Debug|Any CPU
		{F94D1BBC-C4FB-4207-BFBE-B93BA96F55B3}.Debug|Any CPU.Build.0 = Debug|Any CPU
		{F94D1BBC-C4FB-4207-BFBE-B93BA96F55B3}.Debug|x64.ActiveCfg = Debug|x64
		{F94D1BBC-C4FB-4207-BFBE-B93BA96F55B3}.Debug|x64.Build.0 = Debug|x64
		{F94D1BBC-C4FB-4207-BFBE-B93BA96F55B3}.Release|Any CPU.ActiveCfg = Release|Any CPU
		{F94D1BBC-C4FB-4207-BFBE-B93BA96F55B3}.Release|Any CPU.Build.0 = Release|Any CPU
		{F94D1BBC-C4FB-4207-BFBE-B93BA96F55B3}.Release|x64.ActiveCfg = Release|x64
		{F94D1BBC-C4FB-4207-BFBE-B93BA96F55B3}.Release|x64.Build.0 = Release|x64
		{08F501B6-CE79-43F7-A3D0-F13E44D16E70}.Debug|Any CPU.ActiveCfg = Debug|Any CPU
		{08F501B6-CE79-43F7-A3D0-F13E44D16E70}.Debug|Any CPU.Build.0 = Debug|Any CPU
		{08F501B6-CE79-43F7-A3D0-F13E44D16E70}.Debug|x64.ActiveCfg = Debug|x64
		{08F501B6-CE79-43F7-A3D0-F13E44D16E70}.Debug|x64.Build.0 = Debug|x64
		{08F501B6-CE79-43F7-A3D0-F13E44D16E70}.Release|Any CPU.ActiveCfg = Release|Any CPU
		{08F501B6-CE79-43F7-A3D0-F13E44D16E70}.Release|Any CPU.Build.0 = Release|Any CPU
		{08F501B6-CE79-43F7-A3D0-F13E44D16E70}.Release|x64.ActiveCfg = Release|x64
		{08F501B6-CE79-43F7-A3D0-F13E44D16E70}.Release|x64.Build.0 = Release|x64
		{D909E8F7-9E46-4603-B5EB-69FE1C7C7915}.Debug|Any CPU.ActiveCfg = Debug|Any CPU
		{D909E8F7-9E46-4603-B5EB-69FE1C7C7915}.Debug|Any CPU.Build.0 = Debug|Any CPU
		{D909E8F7-9E46-4603-B5EB-69FE1C7C7915}.Debug|x64.ActiveCfg = Debug|x64
		{D909E8F7-9E46-4603-B5EB-69FE1C7C7915}.Debug|x64.Build.0 = Debug|x64
		{D909E8F7-9E46-4603-B5EB-69FE1C7C7915}.Release|Any CPU.ActiveCfg = Release|Any CPU
		{D909E8F7-9E46-4603-B5EB-69FE1C7C7915}.Release|Any CPU.Build.0 = Release|Any CPU
		{D909E8F7-9E46-4603-B5EB-69FE1C7C7915}.Release|x64.ActiveCfg = Release|x64
		{D909E8F7-9E46-4603-B5EB-69FE1C7C7915}.Release|x64.Build.0 = Release|x64
	EndGlobalSection
	GlobalSection(SolutionProperties) = preSolution
		HideSolutionNode = FALSE
	EndGlobalSection
EndGlobal
